{
  "name": "kineshoot-node2-case",
  "version": "1.0.0",
  "lockfileVersion": 3,
  "requires": true,
  "packages": {
    "": {
      "name": "kineshoot-node2-case",
      "version": "1.0.0",
      "dependencies": {
        "@jscad/3mf-serializer": "2.1.17",
        "@jscad/modeling": "2.13.0",
        "@jscad/stl-serializer": "2.1.23",
        "playwright-core": "1.63.0",
        "three": "0.186.0"
      }
    },
    "node_modules/@jscad/3mf-serializer": {
      "version": "2.1.17",
      "resolved": "https://registry.npmmirror.com/@jscad/3mf-serializer/-/3mf-serializer-2.1.17.tgz",
      "integrity": "sha512-n6rfk7m1unRucB0TdGs+YzplsKI4TE75N+pu2WXOoUNqWYRuuIOU/igGCNAuws5/FKJ9/zMQaZ0GTRJJIrH/nA==",
      "license": "MIT",
      "dependencies": {
        "@jscad/array-utils": "2.1.4",
        "@jscad/modeling": "2.13.0",
        "fflate": "0.7.3",
        "onml": "1.2.0"
      }
    },
    "node_modules/@jscad/array-utils": {
      "version": "2.1.4",
      "resolved": "https://registry.npmmirror.com/@jscad/array-utils/-/array-utils-2.1.4.tgz",
      "integrity": "sha512-c31r4zSKsE+4Xfwk2V8monDA0hx5G89QGzaakWVUvuGNowYS9WSsYCwHiTIXodjR+HEnDu4okQ7k/whmP0Ne2g==",
      "license": "MIT"
    },
    "node_modules/@jscad/modeling": {
      "version": "2.13.0",
      "resolved": "https://registry.npmmirror.com/@jscad/modeling/-/modeling-2.13.0.tgz",
      "integrity": "sha512-Thv/JJZZOMzQ9rfhP+75PbgrNbBTZduRL+ClaGfGFts9+JdIXcUueqRL3NtZZ/v/hyZCUBkPSRxHIi4icz04tQ==",
      "license": "MIT"
    },
    "node_modules/@jscad/stl-serializer": {
      "version": "2.1.23",
      "resolved": "https://registry.npmmirror.com/@jscad/stl-serializer/-/stl-serializer-2.1.23.tgz",
      "integrity": "sha512-bSaz2hte30ig2kT1ogBQIjQVGD0Nu1dDyQ4q+fHBFKKmJ8A7ximnFZj7hgQegm3XUD6pSE5KwzPWspCyRWQ5kA==",
      "license": "MIT",
      "dependencies": {
        "@jscad/array-utils": "2.1.4",
        "@jscad/modeling": "2.13.0"
      }
    },
    "node_modules/fflate": {
      "version": "0.7.3",
      "resolved": "https://registry.npmmirror.com/fflate/-/fflate-0.7.3.tgz",
      "integrity": "sha512-0Zz1jOzJWERhyhsimS54VTqOteCNwRtIlh8isdL0AXLo0g7xNTfTL7oWrkmCnPhZGocKIkWHBistBrrpoNH3aw==",
      "license": "MIT"
    },
    "node_modules/onml": {
      "version": "1.2.0",
      "resolved": "https://registry.npmmirror.com/onml/-/onml-1.2.0.tgz",
      "integrity": "sha512-olqYAg18XoHAhm7tK9DdBCOVdts70DGmMgCNLOWyqZokht2utgGSKBB4JHi6pBZpmioAhcYlxK+91L3tsrz+GA==",
      "license": "MIT",
      "dependencies": {
        "sax": "^1.2.1"
      }
    },
    "node_modules/playwright-core": {
      "version": "1.63.0",
      "resolved": "https://registry.npmmirror.com/playwright-core/-/playwright-core-1.63.0.tgz",
      "integrity": "sha512-rYCsBF/M5HjUch52bbtVONEFjv6Xu8sm8h72dNlR5bzIE1fvC/bxgspzkjSfU+MweEMmPM8KJebG6nnyxo5mCg==",
      "license": "Apache-2.0",
      "bin": {
        "playwright-core": "cli.js"
      },
      "engines": {
        "node": ">=20"
      }
    },
    "node_modules/sax": {
      "version": "1.6.1",
      "resolved": "https://registry.npmmirror.com/sax/-/sax-1.6.1.tgz",
      "integrity": "sha512-42tBVwLWnaQvW5zc4HbZrTuWccECCZfBi92FDuwtqxasH+JbPB3/FOKb1m222K42R4WxuxzzMsTswfzgtSu64Q==",
      "license": "BlueOak-1.0.0",
      "engines": {
        "node": ">=11.0.0"
      }
    },
    "node_modules/three": {
      "version": "0.186.0",
      "resolved": "https://registry.npmmirror.com/three/-/three-0.186.0.tgz",
      "integrity": "sha512-cr/fIM2ddMSVbYVgkfD4jLJv7Fh/8ZTjvo+7gQeSVGUZHxpx9FDwoL5iC7hUz/LiRA8wMbqfnb90xKfm1/HHkQ==",
      "license": "MIT"
    }
  }
}
